
Microsoft Visual Studio Solution File, Format Version 12.00
# Visual Studio Version 16
VisualStudioVersion = 16.0.30104.148
MinimumVisualStudioVersion = 10.0.40219.1
Project("{FAE04EC0-301F-11D3-BF4B-00C04F79EFBC}") = "Adapter", "Adapter\Adapter.csproj", "{A397E5DD-9615-4141-8049-A764689F2723}"
EndProject
Project("{FAE04EC0-301F-11D3-BF4B-00C04F79EFBC}") = "Adapter.Test", "Adapter.Test\Adapter.Test.csproj", "{A7E83EED-22CC-4C4A-AC29-AA2A33CCF144}"
EndProject
Global
	GlobalSection(SolutionConfigurationPlatforms) = preSolution
		Debug|Any CPU = Debug|Any CPU
		Release|Any CPU = Release|Any CPU
	EndGlobalSection
	GlobalSection(ProjectConfigurationPlatforms) = postSolution
		{A397E5DD-9615-4141-8049-A764689F2723}.Debug|Any CPU.ActiveCfg = Debug|Any CPU
		{A397E5DD-9615-4141-8049-A764689F2723}.Debug|Any CPU.Build.0 = Debug|Any CPU
		{A397E5DD-9615-4141-8049-A764689F2723}.Release|Any CPU.ActiveCfg = Release|Any CPU
		{A397E5DD-9615-4141-8049-A764689F2723}.Release|Any CPU.Build.0 = Release|Any CPU
		{A7E83EED-22CC-4C4A-AC29-AA2A33CCF144}.Debug|Any CPU.ActiveCfg = Debug|Any CPU
		{A7E83EED-22CC-4C4A-AC29-AA2A33CCF144}.Debug|Any CPU.Build.0 = Debug|Any CPU
		{A7E83EED-22CC-4C4A-AC29-AA2A33CCF144}.Release|Any CPU.ActiveCfg = Release|Any CPU
		{A7E83EED-22CC-4C4A-AC29-AA2A33CCF144}.Release|Any CPU.Build.0 = Release|Any CPU
	EndGlobalSection
	GlobalSection(SolutionProperties) = preSolution
		HideSolutionNode = FALSE
	EndGlobalSection
	GlobalSection(ExtensibilityGlobals) = postSolution
		SolutionGuid = {6E56AC26-F866-4C44-9976-6B1013F8F17C}
	EndGlobalSection
EndGlobal
