
Microsoft Visual Studio Solution File, Format Version 12.00
# Visual Studio Version 16
VisualStudioVersion = 16.0.30104.148
MinimumVisualStudioVersion = 10.0.40219.1
Project("{FAE04EC0-301F-11D3-BF4B-00C04F79EFBC}") = "Queue", "Queue\Queue.csproj", "{083C6C62-CF1D-4B62-A649-0F39FEB6D2B6}"
EndProject
Project("{FAE04EC0-301F-11D3-BF4B-00C04F79EFBC}") = "Queue.Test", "Queue.Test\Queue.Test.csproj", "{2C8875FF-543A-40FB-8F38-FBFC81F73467}"
EndProject
Global
	GlobalSection(SolutionConfigurationPlatforms) = preSolution
		Debug|Any CPU = Debug|Any CPU
		Release|Any CPU = Release|Any CPU
	EndGlobalSection
	GlobalSection(ProjectConfigurationPlatforms) = postSolution
		{083C6C62-CF1D-4B62-A649-0F39FEB6D2B6}.Debug|Any CPU.ActiveCfg = Debug|Any CPU
		{083C6C62-CF1D-4B62-A649-0F39FEB6D2B6}.Debug|Any CPU.Build.0 = Debug|Any CPU
		{083C6C62-CF1D-4B62-A649-0F39FEB6D2B6}.Release|Any CPU.ActiveCfg = Release|Any CPU
		{083C6C62-CF1D-4B62-A649-0F39FEB6D2B6}.Release|Any CPU.Build.0 = Release|Any CPU
		{2C8875FF-543A-40FB-8F38-FBFC81F73467}.Debug|Any CPU.ActiveCfg = Debug|Any CPU
		{2C8875FF-543A-40FB-8F38-FBFC81F73467}.Debug|Any CPU.Build.0 = Debug|Any CPU
		{2C8875FF-543A-40FB-8F38-FBFC81F73467}.Release|Any CPU.ActiveCfg = Release|Any CPU
		{2C8875FF-543A-40FB-8F38-FBFC81F73467}.Release|Any CPU.Build.0 = Release|Any CPU
	EndGlobalSection
	GlobalSection(SolutionProperties) = preSolution
		HideSolutionNode = FALSE
	EndGlobalSection
	GlobalSection(ExtensibilityGlobals) = postSolution
		SolutionGuid = {E34E3B3F-B49C-468C-8239-F2EC6BFDDC7C}
	EndGlobalSection
EndGlobal
