
Microsoft Visual Studio Solution File, Format Version 12.00
# Visual Studio Version 16
VisualStudioVersion = 16.0.30104.148
MinimumVisualStudioVersion = 10.0.40219.1
Project("{FAE04EC0-301F-11D3-BF4B-00C04F79EFBC}") = "ProjectEuler", "ProjectEuler\ProjectEuler.csproj", "{D9935EF9-2669-4657-845B-3368924C1834}"
EndProject
Project("{FAE04EC0-301F-11D3-BF4B-00C04F79EFBC}") = "ProjectEuler.Test", "ProjectEuler.Test\ProjectEuler.Test.csproj", "{9010EE9D-D672-4C34-936D-58910674698F}"
EndProject
Global
	GlobalSection(SolutionConfigurationPlatforms) = preSolution
		Debug|Any CPU = Debug|Any CPU
		Release|Any CPU = Release|Any CPU
	EndGlobalSection
	GlobalSection(ProjectConfigurationPlatforms) = postSolution
		{D9935EF9-2669-4657-845B-3368924C1834}.Debug|Any CPU.ActiveCfg = Debug|Any CPU
		{D9935EF9-2669-4657-845B-3368924C1834}.Debug|Any CPU.Build.0 = Debug|Any CPU
		{D9935EF9-2669-4657-845B-3368924C1834}.Release|Any CPU.ActiveCfg = Release|Any CPU
		{D9935EF9-2669-4657-845B-3368924C1834}.Release|Any CPU.Build.0 = Release|Any CPU
		{9010EE9D-D672-4C34-936D-58910674698F}.Debug|Any CPU.ActiveCfg = Debug|Any CPU
		{9010EE9D-D672-4C34-936D-58910674698F}.Debug|Any CPU.Build.0 = Debug|Any CPU
		{9010EE9D-D672-4C34-936D-58910674698F}.Release|Any CPU.ActiveCfg = Release|Any CPU
		{9010EE9D-D672-4C34-936D-58910674698F}.Release|Any CPU.Build.0 = Release|Any CPU
	EndGlobalSection
	GlobalSection(SolutionProperties) = preSolution
		HideSolutionNode = FALSE
	EndGlobalSection
	GlobalSection(ExtensibilityGlobals) = postSolution
		SolutionGuid = {844908E3-B8FF-440F-A066-21130468C500}
	EndGlobalSection
EndGlobal
