
Microsoft Visual Studio Solution File, Format Version 12.00
# Visual Studio 14
VisualStudioVersion = 14.0.25420.1
MinimumVisualStudioVersion = 10.0.40219.1
Project("{FAE04EC0-301F-11D3-BF4B-00C04F79EFBC}") = "Student Directory", "Student Directory\Student Directory.csproj", "{D82F0DC3-DBE5-4F37-BE38-DE47E46E5D58}"
EndProject
Project("{FAE04EC0-301F-11D3-BF4B-00C04F79EFBC}") = "StudentLibrary", "StudentLibrary\StudentLibrary.csproj", "{15B434DE-19DA-4293-B5D8-A9669E90ADF4}"
EndProject
Global
	GlobalSection(SolutionConfigurationPlatforms) = preSolution
		Debug|Any CPU = Debug|Any CPU
		Release|Any CPU = Release|Any CPU
	EndGlobalSection
	GlobalSection(ProjectConfigurationPlatforms) = postSolution
		{D82F0DC3-DBE5-4F37-BE38-DE47E46E5D58}.Debug|Any CPU.ActiveCfg = Debug|Any CPU
		{D82F0DC3-DBE5-4F37-BE38-DE47E46E5D58}.Debug|Any CPU.Build.0 = Debug|Any CPU
		{D82F0DC3-DBE5-4F37-BE38-DE47E46E5D58}.Release|Any CPU.ActiveCfg = Release|Any CPU
		{D82F0DC3-DBE5-4F37-BE38-DE47E46E5D58}.Release|Any CPU.Build.0 = Release|Any CPU
		{15B434DE-19DA-4293-B5D8-A9669E90ADF4}.Debug|Any CPU.ActiveCfg = Debug|Any CPU
		{15B434DE-19DA-4293-B5D8-A9669E90ADF4}.Debug|Any CPU.Build.0 = Debug|Any CPU
		{15B434DE-19DA-4293-B5D8-A9669E90ADF4}.Release|Any CPU.ActiveCfg = Release|Any CPU
		{15B434DE-19DA-4293-B5D8-A9669E90ADF4}.Release|Any CPU.Build.0 = Release|Any CPU
	EndGlobalSection
	GlobalSection(SolutionProperties) = preSolution
		HideSolutionNode = FALSE
	EndGlobalSection
EndGlobal
