
Microsoft Visual Studio Solution File, Format Version 12.00
# Visual Studio Version 16
VisualStudioVersion = 16.0.30104.148
MinimumVisualStudioVersion = 10.0.40219.1
Project("{9A19103F-16F7-4668-BE54-9A1E7A4F7556}") = "Builder", "Builder\Builder.csproj", "{F619CEC1-72AC-4EE5-83D3-F29377279DB1}"
EndProject
Project("{FAE04EC0-301F-11D3-BF4B-00C04F79EFBC}") = "Builder.Test", "Builder.Test\Builder.Test.csproj", "{88834914-4023-4893-8D5E-10CD96CCC44A}"
EndProject
Global
	GlobalSection(SolutionConfigurationPlatforms) = preSolution
		Debug|Any CPU = Debug|Any CPU
		Release|Any CPU = Release|Any CPU
	EndGlobalSection
	GlobalSection(ProjectConfigurationPlatforms) = postSolution
		{F619CEC1-72AC-4EE5-83D3-F29377279DB1}.Debug|Any CPU.ActiveCfg = Debug|Any CPU
		{F619CEC1-72AC-4EE5-83D3-F29377279DB1}.Debug|Any CPU.Build.0 = Debug|Any CPU
		{F619CEC1-72AC-4EE5-83D3-F29377279DB1}.Release|Any CPU.ActiveCfg = Release|Any CPU
		{F619CEC1-72AC-4EE5-83D3-F29377279DB1}.Release|Any CPU.Build.0 = Release|Any CPU
		{88834914-4023-4893-8D5E-10CD96CCC44A}.Debug|Any CPU.ActiveCfg = Debug|Any CPU
		{88834914-4023-4893-8D5E-10CD96CCC44A}.Debug|Any CPU.Build.0 = Debug|Any CPU
		{88834914-4023-4893-8D5E-10CD96CCC44A}.Release|Any CPU.ActiveCfg = Release|Any CPU
		{88834914-4023-4893-8D5E-10CD96CCC44A}.Release|Any CPU.Build.0 = Release|Any CPU
	EndGlobalSection
	GlobalSection(SolutionProperties) = preSolution
		HideSolutionNode = FALSE
	EndGlobalSection
	GlobalSection(ExtensibilityGlobals) = postSolution
		SolutionGuid = {B81C1A0C-26DA-4DDF-A90A-9122931B887A}
	EndGlobalSection
EndGlobal
