
Microsoft Visual Studio Solution File, Format Version 12.00
# Visual Studio Version 16
VisualStudioVersion = 16.0.30104.148
MinimumVisualStudioVersion = 10.0.40219.1
Project("{FAE04EC0-301F-11D3-BF4B-00C04F79EFBC}") = "Composite", "Composite\Composite.csproj", "{D1C08082-02CF-4DF9-B8B7-7FF3C120A7A8}"
EndProject
Project("{FAE04EC0-301F-11D3-BF4B-00C04F79EFBC}") = "Composite.Test", "Composite.Test\Composite.Test.csproj", "{B3CA5178-CB3A-4A20-8BF8-31964E70EECE}"
EndProject
Global
	GlobalSection(SolutionConfigurationPlatforms) = preSolution
		Debug|Any CPU = Debug|Any CPU
		Release|Any CPU = Release|Any CPU
	EndGlobalSection
	GlobalSection(ProjectConfigurationPlatforms) = postSolution
		{D1C08082-02CF-4DF9-B8B7-7FF3C120A7A8}.Debug|Any CPU.ActiveCfg = Debug|Any CPU
		{D1C08082-02CF-4DF9-B8B7-7FF3C120A7A8}.Debug|Any CPU.Build.0 = Debug|Any CPU
		{D1C08082-02CF-4DF9-B8B7-7FF3C120A7A8}.Release|Any CPU.ActiveCfg = Release|Any CPU
		{D1C08082-02CF-4DF9-B8B7-7FF3C120A7A8}.Release|Any CPU.Build.0 = Release|Any CPU
		{B3CA5178-CB3A-4A20-8BF8-31964E70EECE}.Debug|Any CPU.ActiveCfg = Debug|Any CPU
		{B3CA5178-CB3A-4A20-8BF8-31964E70EECE}.Debug|Any CPU.Build.0 = Debug|Any CPU
		{B3CA5178-CB3A-4A20-8BF8-31964E70EECE}.Release|Any CPU.ActiveCfg = Release|Any CPU
		{B3CA5178-CB3A-4A20-8BF8-31964E70EECE}.Release|Any CPU.Build.0 = Release|Any CPU
	EndGlobalSection
	GlobalSection(SolutionProperties) = preSolution
		HideSolutionNode = FALSE
	EndGlobalSection
	GlobalSection(ExtensibilityGlobals) = postSolution
		SolutionGuid = {5815BFC1-038B-40DE-9642-DF137C54A519}
	EndGlobalSection
EndGlobal
