
Microsoft Visual Studio Solution File, Format Version 12.00
# Visual Studio Version 16
VisualStudioVersion = 16.0.30104.148
MinimumVisualStudioVersion = 10.0.40219.1
Project("{9A19103F-16F7-4668-BE54-9A1E7A4F7556}") = "Singleton", "Singleton\Singleton.csproj", "{33977583-8541-4E53-8424-7F11261DAFD0}"
EndProject
Project("{9A19103F-16F7-4668-BE54-9A1E7A4F7556}") = "Singleton.Test", "Singleton.Test\Singleton.Test.csproj", "{9941DA1F-23ED-42C1-B6E8-B1518386E63F}"
EndProject
Project("{9A19103F-16F7-4668-BE54-9A1E7A4F7556}") = "ModernSingleton", "ModernSingleton\ModernSingleton.csproj", "{15E702E2-01CF-4415-B721-A656352C037A}"
EndProject
Project("{9A19103F-16F7-4668-BE54-9A1E7A4F7556}") = "ModernSingleton.Test", "ModernSingleton.Test\ModernSingleton.Test.csproj", "{784A7032-05D3-4831-BBED-0CFDB69C6151}"
EndProject
Global
	GlobalSection(SolutionConfigurationPlatforms) = preSolution
		Debug|Any CPU = Debug|Any CPU
		Release|Any CPU = Release|Any CPU
	EndGlobalSection
	GlobalSection(ProjectConfigurationPlatforms) = postSolution
		{33977583-8541-4E53-8424-7F11261DAFD0}.Debug|Any CPU.ActiveCfg = Debug|Any CPU
		{33977583-8541-4E53-8424-7F11261DAFD0}.Debug|Any CPU.Build.0 = Debug|Any CPU
		{33977583-8541-4E53-8424-7F11261DAFD0}.Release|Any CPU.ActiveCfg = Release|Any CPU
		{33977583-8541-4E53-8424-7F11261DAFD0}.Release|Any CPU.Build.0 = Release|Any CPU
		{9941DA1F-23ED-42C1-B6E8-B1518386E63F}.Debug|Any CPU.ActiveCfg = Debug|Any CPU
		{9941DA1F-23ED-42C1-B6E8-B1518386E63F}.Debug|Any CPU.Build.0 = Debug|Any CPU
		{9941DA1F-23ED-42C1-B6E8-B1518386E63F}.Release|Any CPU.ActiveCfg = Release|Any CPU
		{9941DA1F-23ED-42C1-B6E8-B1518386E63F}.Release|Any CPU.Build.0 = Release|Any CPU
		{15E702E2-01CF-4415-B721-A656352C037A}.Debug|Any CPU.ActiveCfg = Debug|Any CPU
		{15E702E2-01CF-4415-B721-A656352C037A}.Debug|Any CPU.Build.0 = Debug|Any CPU
		{15E702E2-01CF-4415-B721-A656352C037A}.Release|Any CPU.ActiveCfg = Release|Any CPU
		{15E702E2-01CF-4415-B721-A656352C037A}.Release|Any CPU.Build.0 = Release|Any CPU
		{784A7032-05D3-4831-BBED-0CFDB69C6151}.Debug|Any CPU.ActiveCfg = Debug|Any CPU
		{784A7032-05D3-4831-BBED-0CFDB69C6151}.Debug|Any CPU.Build.0 = Debug|Any CPU
		{784A7032-05D3-4831-BBED-0CFDB69C6151}.Release|Any CPU.ActiveCfg = Release|Any CPU
		{784A7032-05D3-4831-BBED-0CFDB69C6151}.Release|Any CPU.Build.0 = Release|Any CPU
	EndGlobalSection
	GlobalSection(SolutionProperties) = preSolution
		HideSolutionNode = FALSE
	EndGlobalSection
	GlobalSection(ExtensibilityGlobals) = postSolution
		SolutionGuid = {029A8B3E-5741-4C6A-B017-786984070630}
	EndGlobalSection
EndGlobal
